Microsoft Visual Studio Solution File, Format Version 12.00
# Visual Studio Version 17
VisualStudioVersion = 17.5.2.0
MinimumVisualStudioVersion = 10.0.40219.1
Project("{FAE04EC0-301F-11D3-BF4B-00C04F79EFBC}") = "SmartCreate", "SmartCreate.csproj", "{B6197F6A-0297-4B01-ED49-1FA937BD43F3}"
EndProject
Global
	GlobalSection(SolutionConfigurationPlatforms) = preSolution
		Debug|Any CPU = Debug|Any CPU
		Release|Any CPU = Release|Any CPU
	EndGlobalSection
	GlobalSection(ProjectConfigurationPlatforms) = postSolution
		{B6197F6A-0297-4B01-ED49-1FA937BD43F3}.Debug|Any CPU.ActiveCfg = Debug|Any CPU
		{B6197F6A-0297-4B01-ED49-1FA937BD43F3}.Debug|Any CPU.Build.0 = Debug|Any CPU
		{B6197F6A-0297-4B01-ED49-1FA937BD43F3}.Release|Any CPU.ActiveCfg = Release|Any CPU
		{B6197F6A-0297-4B01-ED49-1FA937BD43F3}.Release|Any CPU.Build.0 = Release|Any CPU
	EndGlobalSection
	GlobalSection(SolutionProperties) = preSolution
		HideSolutionNode = FALSE
	EndGlobalSection
	GlobalSection(ExtensibilityGlobals) = postSolution
		SolutionGuid = {83F8C2A3-EF53-413F-976B-B4D96D007A53}
	EndGlobalSection
EndGlobal
